
Microsoft Visual Studio Solution File, Format Version 12.00
# Visual Studio Version 16
VisualStudioVersion = 16.0.30517.126
MinimumVisualStudioVersion = 10.0.40219.1
Project("{FAE04EC0-301F-11D3-BF4B-00C04F79EFBC}") = "KanyWest", "KanyWest.csproj", "{01F11B8B-A149-42F2-8C02-47C95EA1D4FD}"
EndProject
Global
	GlobalSection(SolutionConfigurationPlatforms) = preSolution
		Debug|Any CPU = Debug|Any CPU
		Release|Any CPU = Release|Any CPU
	EndGlobalSection
	GlobalSection(ProjectConfigurationPlatforms) = postSolution
		{01F11B8B-A149-42F2-8C02-47C95EA1D4FD}.Debug|Any CPU.ActiveCfg = Debug|Any CPU
		{01F11B8B-A149-42F2-8C02-47C95EA1D4FD}.Debug|Any CPU.Build.0 = Debug|Any CPU
		{01F11B8B-A149-42F2-8C02-47C95EA1D4FD}.Release|Any CPU.ActiveCfg = Release|Any CPU
		{01F11B8B-A149-42F2-8C02-47C95EA1D4FD}.Release|Any CPU.Build.0 = Release|Any CPU
	EndGlobalSection
	GlobalSection(SolutionProperties) = preSolution
		HideSolutionNode = FALSE
	EndGlobalSection
	GlobalSection(ExtensibilityGlobals) = postSolution
		SolutionGuid = {79A69597-2917-407C-B814-C4E7EEFC46C8}
	EndGlobalSection
EndGlobal
